# THIS IS AN AUTOGENERATED FILE. DO NOT EDIT THIS FILE DIRECTLY.
# yarn lockfile v1


class@^0.1.4:
  version "0.1.4"
  resolved "https://registry.yarnpkg.com/class/-/class-0.1.4.tgz#92620d448694603457a39da296554d36ceea2b1f"
  integrity sha1-kmINRIaUYDRXo52illVNNs7qKx8=

classnames@^2.3.1:
  version "2.3.1"
  resolved "https://registry.yarnpkg.com/classnames/-/classnames-2.3.1.tgz#dfcfa3891e306ec1dad105d0e88f4417b8535e8e"
  integrity sha512-OlQdbZ7gLfGarSqxesMesDa5uz7KFbID8Kpq/SxIoNGDqY8lSYs0D+hhtBXhcdB3rcbXArFr7vlHheLk1voeNA==

goober@^2.0.35:
  version "2.0.38"
  resolved "https://registry.yarnpkg.com/goober/-/goober-2.0.38.tgz#ca81fbc37b2fc7a6cfe10fd3d8be3a1867927ac2"
  integrity sha512-oGrP8xMB3k6EEcEAuKstd05r0JRFs8L9ouPCTKxupu85PdDJ443LTCXvxRVMeYN6pVhV6htVb7FaKTk5JlFzCQ==

react-hot-toast@^2.0.0:
  version "2.0.0"
  resolved "https://registry.yarnpkg.com/react-hot-toast/-/react-hot-toast-2.0.0.tgz#6e83b2937a20b040acb2d5fd08bcf32561b7832a"
  integrity sha512-J0J2rcSvKetlziVquwESgk85pV9JB0Dz3RJIZcAEv7CWU2y2z8BQqxmZHZUxjPKIBGPqXAocZch4Kj4oUdX4+w==
  dependencies:
    goober "^2.0.35"
